
Microsoft Visual Studio Solution File, Format Version 12.00
# Visual Studio Version 17
VisualStudioVersion = 17.2.32616.157
MinimumVisualStudioVersion = 10.0.40219.1
Project("{9A19103F-16F7-4668-BE54-9A1E7A4F7556}") = "LifxCloud.NET", "LifxCloud.NET\LifxCloud.NET.csproj", "{D88035B1-B9CD-424C-8D60-55C983E52B63}"
EndProject
Project("{9A19103F-16F7-4668-BE54-9A1E7A4F7556}") = "Housewarming2022", "Housewarming2022\Housewarming2022.csproj", "{307657E0-7B6D-480E-A8EC-235D071A2066}"
EndProject
Global
	GlobalSection(SolutionConfigurationPlatforms) = preSolution
		Debug|Any CPU = Debug|Any CPU
		Release|Any CPU = Release|Any CPU
	EndGlobalSection
	GlobalSection(ProjectConfigurationPlatforms) = postSolution
		{D88035B1-B9CD-424C-8D60-55C983E52B63}.Debug|Any CPU.ActiveCfg = Debug|Any CPU
		{D88035B1-B9CD-424C-8D60-55C983E52B63}.Debug|Any CPU.Build.0 = Debug|Any CPU
		{D88035B1-B9CD-424C-8D60-55C983E52B63}.Release|Any CPU.ActiveCfg = Release|Any CPU
		{D88035B1-B9CD-424C-8D60-55C983E52B63}.Release|Any CPU.Build.0 = Release|Any CPU
		{307657E0-7B6D-480E-A8EC-235D071A2066}.Debug|Any CPU.ActiveCfg = Debug|Any CPU
		{307657E0-7B6D-480E-A8EC-235D071A2066}.Debug|Any CPU.Build.0 = Debug|Any CPU
		{307657E0-7B6D-480E-A8EC-235D071A2066}.Release|Any CPU.ActiveCfg = Release|Any CPU
		{307657E0-7B6D-480E-A8EC-235D071A2066}.Release|Any CPU.Build.0 = Release|Any CPU
	EndGlobalSection
	GlobalSection(SolutionProperties) = preSolution
		HideSolutionNode = FALSE
	EndGlobalSection
	GlobalSection(ExtensibilityGlobals) = postSolution
		SolutionGuid = {A5A42110-A2C2-4D0E-A207-9A2E6BF8B6DC}
	EndGlobalSection
EndGlobal
